
Microsoft Visual Studio Solution File, Format Version 12.00
# Visual Studio 2013
VisualStudioVersion = 12.0.21005.1
MinimumVisualStudioVersion = 10.0.40219.1
Project("{FAE04EC0-301F-11D3-BF4B-00C04F79EFBC}") = "mine_clearance", "mine_clearance\mine_clearance.csproj", "{09958A18-99DE-40BD-B475-303495D24850}"
EndProject
Project("{FAE04EC0-301F-11D3-BF4B-00C04F79EFBC}") = "AutoCaculate", "AutoCaculate\AutoCaculate.csproj", "{4889035D-CCAD-44D4-823D-35662A52B8F0}"
EndProject
Global
	GlobalSection(SolutionConfigurationPlatforms) = preSolution
		Debug|Any CPU = Debug|Any CPU
		Release|Any CPU = Release|Any CPU
	EndGlobalSection
	GlobalSection(ProjectConfigurationPlatforms) = postSolution
		{09958A18-99DE-40BD-B475-303495D24850}.Debug|Any CPU.ActiveCfg = Debug|Any CPU
		{09958A18-99DE-40BD-B475-303495D24850}.Debug|Any CPU.Build.0 = Debug|Any CPU
		{09958A18-99DE-40BD-B475-303495D24850}.Release|Any CPU.ActiveCfg = Release|Any CPU
		{09958A18-99DE-40BD-B475-303495D24850}.Release|Any CPU.Build.0 = Release|Any CPU
		{4889035D-CCAD-44D4-823D-35662A52B8F0}.Debug|Any CPU.ActiveCfg = Debug|Any CPU
		{4889035D-CCAD-44D4-823D-35662A52B8F0}.Debug|Any CPU.Build.0 = Debug|Any CPU
		{4889035D-CCAD-44D4-823D-35662A52B8F0}.Release|Any CPU.ActiveCfg = Release|Any CPU
		{4889035D-CCAD-44D4-823D-35662A52B8F0}.Release|Any CPU.Build.0 = Release|Any CPU
	EndGlobalSection
	GlobalSection(SolutionProperties) = preSolution
		HideSolutionNode = FALSE
	EndGlobalSection
EndGlobal
